
Microsoft Visual Studio Solution File, Format Version 12.00
# Visual Studio 15
VisualStudioVersion = 15.0.28307.421
MinimumVisualStudioVersion = 10.0.40219.1
Project("{8BC9CEB8-8B4A-11D0-8D11-00A0C91BC942}") = "matrix_LU_factorisation", "matrix_LU_factorisation\matrix_LU_factorisation.vcxproj", "{930DFE51-1FEB-4BE3-BBD2-30CE7071E550}"
EndProject
Global
	GlobalSection(SolutionConfigurationPlatforms) = preSolution
		Debug|x64 = Debug|x64
		Debug|x86 = Debug|x86
		Release|x64 = Release|x64
		Release|x86 = Release|x86
	EndGlobalSection
	GlobalSection(ProjectConfigurationPlatforms) = postSolution
		{930DFE51-1FEB-4BE3-BBD2-30CE7071E550}.Debug|x64.ActiveCfg = Debug|x64
		{930DFE51-1FEB-4BE3-BBD2-30CE7071E550}.Debug|x64.Build.0 = Debug|x64
		{930DFE51-1FEB-4BE3-BBD2-30CE7071E550}.Debug|x86.ActiveCfg = Debug|Win32
		{930DFE51-1FEB-4BE3-BBD2-30CE7071E550}.Debug|x86.Build.0 = Debug|Win32
		{930DFE51-1FEB-4BE3-BBD2-30CE7071E550}.Release|x64.ActiveCfg = Release|x64
		{930DFE51-1FEB-4BE3-BBD2-30CE7071E550}.Release|x64.Build.0 = Release|x64
		{930DFE51-1FEB-4BE3-BBD2-30CE7071E550}.Release|x86.ActiveCfg = Release|Win32
		{930DFE51-1FEB-4BE3-BBD2-30CE7071E550}.Release|x86.Build.0 = Release|Win32
	EndGlobalSection
	GlobalSection(SolutionProperties) = preSolution
		HideSolutionNode = FALSE
	EndGlobalSection
	GlobalSection(ExtensibilityGlobals) = postSolution
		SolutionGuid = {67046720-8DD7-4803-900D-250374D8E032}
	EndGlobalSection
EndGlobal
